
Microsoft Visual Studio Solution File, Format Version 12.00
# Visual Studio Version 17
VisualStudioVersion = 17.7.34024.191
MinimumVisualStudioVersion = 10.0.40219.1
Project("{FAE04EC0-301F-11D3-BF4B-00C04F79EFBC}") = "Week7Functions", "Week7Functions\Week7Functions.csproj", "{12214C2C-4825-482C-9377-0FB6A07097B4}"
EndProject
Project("{FAE04EC0-301F-11D3-BF4B-00C04F79EFBC}") = "Week7Calculator", "Week7Calculator\Week7Calculator.csproj", "{7288510A-FAA4-471D-B662-21F96D6C22F8}"
EndProject
Project("{FAE04EC0-301F-11D3-BF4B-00C04F79EFBC}") = "Week7PrintArrayFunction", "Week7PrintArrayFunction\Week7PrintArrayFunction.csproj", "{D292C2A5-A722-4556-A5F8-7A4ECC05695A}"
EndProject
Global
	GlobalSection(SolutionConfigurationPlatforms) = preSolution
		Debug|Any CPU = Debug|Any CPU
		Release|Any CPU = Release|Any CPU
	EndGlobalSection
	GlobalSection(ProjectConfigurationPlatforms) = postSolution
		{12214C2C-4825-482C-9377-0FB6A07097B4}.Debug|Any CPU.ActiveCfg = Debug|Any CPU
		{12214C2C-4825-482C-9377-0FB6A07097B4}.Debug|Any CPU.Build.0 = Debug|Any CPU
		{12214C2C-4825-482C-9377-0FB6A07097B4}.Release|Any CPU.ActiveCfg = Release|Any CPU
		{12214C2C-4825-482C-9377-0FB6A07097B4}.Release|Any CPU.Build.0 = Release|Any CPU
		{7288510A-FAA4-471D-B662-21F96D6C22F8}.Debug|Any CPU.ActiveCfg = Debug|Any CPU
		{7288510A-FAA4-471D-B662-21F96D6C22F8}.Debug|Any CPU.Build.0 = Debug|Any CPU
		{7288510A-FAA4-471D-B662-21F96D6C22F8}.Release|Any CPU.ActiveCfg = Release|Any CPU
		{7288510A-FAA4-471D-B662-21F96D6C22F8}.Release|Any CPU.Build.0 = Release|Any CPU
		{D292C2A5-A722-4556-A5F8-7A4ECC05695A}.Debug|Any CPU.ActiveCfg = Debug|Any CPU
		{D292C2A5-A722-4556-A5F8-7A4ECC05695A}.Debug|Any CPU.Build.0 = Debug|Any CPU
		{D292C2A5-A722-4556-A5F8-7A4ECC05695A}.Release|Any CPU.ActiveCfg = Release|Any CPU
		{D292C2A5-A722-4556-A5F8-7A4ECC05695A}.Release|Any CPU.Build.0 = Release|Any CPU
	EndGlobalSection
	GlobalSection(SolutionProperties) = preSolution
		HideSolutionNode = FALSE
	EndGlobalSection
	GlobalSection(ExtensibilityGlobals) = postSolution
		SolutionGuid = {12AFD18B-E20B-431D-AC71-893A7F8D3428}
	EndGlobalSection
EndGlobal
